
Microsoft Visual Studio Solution File, Format Version 12.00
# Visual Studio 15
VisualStudioVersion = 15.0.28307.329
MinimumVisualStudioVersion = 10.0.40219.1
Project("{FAE04EC0-301F-11D3-BF4B-00C04F79EFBC}") = "RoboRally", "RoboRally\RoboRally.csproj", "{C5CB99C6-E075-4906-A27E-C7D1ED8033E2}"
EndProject
Global
	GlobalSection(SolutionConfigurationPlatforms) = preSolution
		Debug|Any CPU = Debug|Any CPU
		Release|Any CPU = Release|Any CPU
	EndGlobalSection
	GlobalSection(ProjectConfigurationPlatforms) = postSolution
		{C5CB99C6-E075-4906-A27E-C7D1ED8033E2}.Debug|Any CPU.ActiveCfg = Debug|Any CPU
		{C5CB99C6-E075-4906-A27E-C7D1ED8033E2}.Debug|Any CPU.Build.0 = Debug|Any CPU
		{C5CB99C6-E075-4906-A27E-C7D1ED8033E2}.Release|Any CPU.ActiveCfg = Release|Any CPU
		{C5CB99C6-E075-4906-A27E-C7D1ED8033E2}.Release|Any CPU.Build.0 = Release|Any CPU
	EndGlobalSection
	GlobalSection(SolutionProperties) = preSolution
		HideSolutionNode = FALSE
	EndGlobalSection
	GlobalSection(ExtensibilityGlobals) = postSolution
		SolutionGuid = {682D9B2B-7AD1-4565-A020-CB011FE9516B}
	EndGlobalSection
EndGlobal
